// !$*UTF8*$!
{
	archiveVersion = 1;
	classes = {
	};
	objectVersion = 56;
	objects = {

/* Begin PBXBuildFile section */
		AA0001000000000000000019 /* Y2NotesApp.swift in Sources */ = {isa = PBXBuildFile; fileRef = AA0001000000000000000011 /* Y2NotesApp.swift */; };
		AA000100000000000000001A /* ContentView.swift in Sources */ = {isa = PBXBuildFile; fileRef = AA0001000000000000000012 /* ContentView.swift */; };
		AA000100000000000000001B /* Note.swift in Sources */ = {isa = PBXBuildFile; fileRef = AA0001000000000000000013 /* Note.swift */; };
		AA000100000000000000001C /* NoteListView.swift in Sources */ = {isa = PBXBuildFile; fileRef = AA0001000000000000000014 /* NoteListView.swift */; };
		AA000100000000000000001D /* NoteEditorView.swift in Sources */ = {isa = PBXBuildFile; fileRef = AA0001000000000000000015 /* NoteEditorView.swift */; };
		AA000100000000000000001E /* NoteStore.swift in Sources */ = {isa = PBXBuildFile; fileRef = AA0001000000000000000016 /* NoteStore.swift */; };
		AA000100000000000000001F /* Assets.xcassets in Resources */ = {isa = PBXBuildFile; fileRef = AA0001000000000000000017 /* Assets.xcassets */; };
		AA0001000000000000000023 /* Notebook.swift in Sources */ = {isa = PBXBuildFile; fileRef = AA0001000000000000000022 /* Notebook.swift */; };
		AA0001000000000000000025 /* ShelfView.swift in Sources */ = {isa = PBXBuildFile; fileRef = AA0001000000000000000024 /* ShelfView.swift */; };
		AA0001000000000000000040 /* AppTheme.swift in Sources */ = {isa = PBXBuildFile; fileRef = AA0001000000000000000030 /* AppTheme.swift */; };
		AA0001000000000000000041 /* ThemeStore.swift in Sources */ = {isa = PBXBuildFile; fileRef = AA0001000000000000000031 /* ThemeStore.swift */; };
		AA0001000000000000000042 /* ThemePickerView.swift in Sources */ = {isa = PBXBuildFile; fileRef = AA0001000000000000000032 /* ThemePickerView.swift */; };
		AA0001000000000000000060 /* NotebookSection.swift in Sources */ = {isa = PBXBuildFile; fileRef = AA0001000000000000000050 /* NotebookSection.swift */; };
		AA0001000000000000000061 /* PageTemplate.swift in Sources */ = {isa = PBXBuildFile; fileRef = AA0001000000000000000051 /* PageTemplate.swift */; };
		AA0001000000000000000052 /* NotebookConfig.swift in Sources */ = {isa = PBXBuildFile; fileRef = AA0001000000000000000070 /* NotebookConfig.swift */; };
		AA00010000000000000000DB /* NotebookQuickCreator.swift in Sources */ = {isa = PBXBuildFile; fileRef = AA00010000000000000000DA /* NotebookQuickCreator.swift */; };
		AA00010000000000000000D8 /* NotebookReaderView.swift in Sources */ = {isa = PBXBuildFile; fileRef = AA00010000000000000000D9 /* NotebookReaderView.swift */; };
		AA0001000000000000000083 /* ToolModels.swift in Sources */ = {isa = PBXBuildFile; fileRef = AA0001000000000000000080 /* ToolModels.swift */; };
		AA0001000000000000000084 /* DrawingToolStore.swift in Sources */ = {isa = PBXBuildFile; fileRef = AA0001000000000000000081 /* DrawingToolStore.swift */; };
		AA0001000000000000000085 /* DrawingToolbarView.swift in Sources */ = {isa = PBXBuildFile; fileRef = AA0001000000000000000082 /* DrawingToolbarView.swift */; };
		AA00010000000000000000E9 /* WritingConfig.swift in Sources */ = {isa = PBXBuildFile; fileRef = AA00010000000000000000E8 /* WritingConfig.swift */; };
		AA00010000000000000000DD /* FloatingToolbarCapsule.swift in Sources */ = {isa = PBXBuildFile; fileRef = AA00010000000000000000DC /* FloatingToolbarCapsule.swift */; };
		AA00010000000000000000DF /* ToolExpansionView.swift in Sources */ = {isa = PBXBuildFile; fileRef = AA00010000000000000000DE /* ToolExpansionView.swift */; };
		AA00010000000000000000E1 /* SelectionToolbar.swift in Sources */ = {isa = PBXBuildFile; fileRef = AA00010000000000000000E0 /* SelectionToolbar.swift */; };
		AA00010000000000000000E3 /* NotebookTabSession.swift in Sources */ = {isa = PBXBuildFile; fileRef = AA00010000000000000000E2 /* NotebookTabSession.swift */; };
		AA00010000000000000000E5 /* NotebookTabBar.swift in Sources */ = {isa = PBXBuildFile; fileRef = AA00010000000000000000E4 /* NotebookTabBar.swift */; };
		AA00010000000000000000E7 /* NotebookWorkspaceView.swift in Sources */ = {isa = PBXBuildFile; fileRef = AA00010000000000000000E6 /* NotebookWorkspaceView.swift */; };
		AA00010000000000000000C2 /* PageRulingView.swift in Sources */ = {isa = PBXBuildFile; fileRef = AA0001000000000000000087 /* PageRulingView.swift */; };
		AA0001000000000000000058 /* PencilInteractionCoordinator.swift in Sources */ = {isa = PBXBuildFile; fileRef = AA0001000000000000000053 /* PencilInteractionCoordinator.swift */; };
		AA0001000000000000000059 /* PencilHoverOverlayView.swift in Sources */ = {isa = PBXBuildFile; fileRef = AA0001000000000000000054 /* PencilHoverOverlayView.swift */; };
		AA000100000000000000005A /* ContextualPencilPaletteView.swift in Sources */ = {isa = PBXBuildFile; fileRef = AA0001000000000000000055 /* ContextualPencilPaletteView.swift */; };
		AA00010000000000000000A3 /* AdvancedToolsPanel.swift in Sources */ = {isa = PBXBuildFile; fileRef = AA00010000000000000000A4 /* AdvancedToolsPanel.swift */; };
		AA00010000000000000000A5 /* CustomToolAuthoringView.swift in Sources */ = {isa = PBXBuildFile; fileRef = AA00010000000000000000A6 /* CustomToolAuthoringView.swift */; };
		AA000100000000000000008D /* SearchService.swift in Sources */ = {isa = PBXBuildFile; fileRef = AA0001000000000000000088 /* SearchService.swift */; };
		AA000100000000000000008E /* StudySet.swift in Sources */ = {isa = PBXBuildFile; fileRef = AA0001000000000000000089 /* StudySet.swift */; };
		AA00010000000000000000C3 /* LibrarySearchView.swift in Sources */ = {isa = PBXBuildFile; fileRef = AA000100000000000000008A /* LibrarySearchView.swift */; };
		AA00010000000000000000C4 /* StudySetListView.swift in Sources */ = {isa = PBXBuildFile; fileRef = AA000100000000000000008B /* StudySetListView.swift */; };
		AA00010000000000000000C5 /* StudySessionView.swift in Sources */ = {isa = PBXBuildFile; fileRef = AA000100000000000000008C /* StudySessionView.swift */; };
		AA0001000000000000000094 /* PDFNoteModel.swift in Sources */ = {isa = PBXBuildFile; fileRef = AA0001000000000000000090 /* PDFNoteModel.swift */; };
		AA0001000000000000000095 /* PDFStore.swift in Sources */ = {isa = PBXBuildFile; fileRef = AA0001000000000000000091 /* PDFStore.swift */; };
		AA0001000000000000000096 /* PDFPageAnnotationView.swift in Sources */ = {isa = PBXBuildFile; fileRef = AA0001000000000000000092 /* PDFPageAnnotationView.swift */; };
		AA0001000000000000000097 /* PDFViewerView.swift in Sources */ = {isa = PBXBuildFile; fileRef = AA0001000000000000000093 /* PDFViewerView.swift */; };
		AA000100000000000000009E /* InkModels.swift in Sources */ = {isa = PBXBuildFile; fileRef = AA0001000000000000000098 /* InkModels.swift */; };
		AA000100000000000000009F /* InkEffectEngine.swift in Sources */ = {isa = PBXBuildFile; fileRef = AA0001000000000000000099 /* InkEffectEngine.swift */; };
		AA00010000000000000000A0 /* InkFamilyRegistry.swift in Sources */ = {isa = PBXBuildFile; fileRef = AA000100000000000000009A /* InkFamilyRegistry.swift */; };
		AA00010000000000000000A1 /* InkEffectStore.swift in Sources */ = {isa = PBXBuildFile; fileRef = AA000100000000000000009B /* InkEffectStore.swift */; };
		AA00010000000000000000A2 /* InkEffectPickerView.swift in Sources */ = {isa = PBXBuildFile; fileRef = AA000100000000000000009C /* InkEffectPickerView.swift */; };
		AA00010000000000000000A8 /* AppSettingsStore.swift in Sources */ = {isa = PBXBuildFile; fileRef = AA00010000000000000000A7 /* AppSettingsStore.swift */; };
		AA00010000000000000000AA /* SettingsView.swift in Sources */ = {isa = PBXBuildFile; fileRef = AA00010000000000000000A9 /* SettingsView.swift */; };
		AA00010000000000000000AC /* DiagnosticsView.swift in Sources */ = {isa = PBXBuildFile; fileRef = AA00010000000000000000AB /* DiagnosticsView.swift */; };
		AA00010000000000000000AE /* OnboardingView.swift in Sources */ = {isa = PBXBuildFile; fileRef = AA00010000000000000000AD /* OnboardingView.swift */; };
		AA00010000000000000000B0 /* AccessibilityHelpers.swift in Sources */ = {isa = PBXBuildFile; fileRef = AA00010000000000000000AF /* AccessibilityHelpers.swift */; };
		AA00010000000000000000B2 /* Localizable.strings in Resources */ = {isa = PBXBuildFile; fileRef = AA00010000000000000000B1 /* Localizable.strings */; };
		AA00010000000000000000BC /* GoogleDriveModels.swift in Sources */ = {isa = PBXBuildFile; fileRef = AA00010000000000000000B6 /* GoogleDriveModels.swift */; };
		AA00010000000000000000BD /* GoogleDriveAuthManager.swift in Sources */ = {isa = PBXBuildFile; fileRef = AA00010000000000000000B7 /* GoogleDriveAuthManager.swift */; };
		AA00010000000000000000BE /* GoogleDriveClient.swift in Sources */ = {isa = PBXBuildFile; fileRef = AA00010000000000000000B8 /* GoogleDriveClient.swift */; };
		AA00010000000000000000BF /* GoogleDriveSyncEngine.swift in Sources */ = {isa = PBXBuildFile; fileRef = AA00010000000000000000B9 /* GoogleDriveSyncEngine.swift */; };
		AA00010000000000000000C0 /* GoogleDriveOfflineQueue.swift in Sources */ = {isa = PBXBuildFile; fileRef = AA00010000000000000000BA /* GoogleDriveOfflineQueue.swift */; };
		AA00010000000000000000C1 /* GoogleDriveSyncStatusView.swift in Sources */ = {isa = PBXBuildFile; fileRef = AA00010000000000000000BB /* GoogleDriveSyncStatusView.swift */; };
		AA00010000000000000000C8 /* NoteCreationSheet.swift in Sources */ = {isa = PBXBuildFile; fileRef = AA00010000000000000000C7 /* NoteCreationSheet.swift */; };
		AA00010000000000000000CA /* StudyStatsView.swift in Sources */ = {isa = PBXBuildFile; fileRef = AA00010000000000000000C9 /* StudyStatsView.swift */; };
		AA00010000000000000000CE /* ImportedDocument.swift in Sources */ = {isa = PBXBuildFile; fileRef = AA00010000000000000000CB /* ImportedDocument.swift */; };
		AA00010000000000000000CF /* DocumentStore.swift in Sources */ = {isa = PBXBuildFile; fileRef = AA00010000000000000000CC /* DocumentStore.swift */; };
		AA00010000000000000000D0 /* DocumentViewerView.swift in Sources */ = {isa = PBXBuildFile; fileRef = AA00010000000000000000CD /* DocumentViewerView.swift */; };
		AA00010000000000000000D3 /* OCREngine.swift in Sources */ = {isa = PBXBuildFile; fileRef = AA00010000000000000000D2 /* OCREngine.swift */; };
		AA00010000000000000000D5 /* NoteExporter.swift in Sources */ = {isa = PBXBuildFile; fileRef = AA00010000000000000000D4 /* NoteExporter.swift */; };
		AA00010000000000000000D7 /* NotePDFGenerator.swift in Sources */ = {isa = PBXBuildFile; fileRef = AA00010000000000000000D6 /* NotePDFGenerator.swift */; };
		AA00010000000000000000EB /* Sticker.swift in Sources */ = {isa = PBXBuildFile; fileRef = AA00010000000000000000EA /* Sticker.swift */; };
		AA00010000000000000000ED /* StickerStore.swift in Sources */ = {isa = PBXBuildFile; fileRef = AA00010000000000000000EC /* StickerStore.swift */; };
		AA00010000000000000000EF /* StickerLibraryView.swift in Sources */ = {isa = PBXBuildFile; fileRef = AA00010000000000000000EE /* StickerLibraryView.swift */; };
		AA00010000000000000000F1 /* StickerCanvasView.swift in Sources */ = {isa = PBXBuildFile; fileRef = AA00010000000000000000F0 /* StickerCanvasView.swift */; };
		AA00010000000000000000F3 /* StickerHandlesView.swift in Sources */ = {isa = PBXBuildFile; fileRef = AA00010000000000000000F2 /* StickerHandlesView.swift */; };
		AA00010000000000000000F5 /* ShapeObject.swift in Sources */ = {isa = PBXBuildFile; fileRef = AA00010000000000000000F4 /* ShapeObject.swift */; };
		AA00010000000000000000F7 /* ShapeCanvasView.swift in Sources */ = {isa = PBXBuildFile; fileRef = AA00010000000000000000F6 /* ShapeCanvasView.swift */; };
		AA00010000000000000000F9 /* ShapeHandlesView.swift in Sources */ = {isa = PBXBuildFile; fileRef = AA00010000000000000000F8 /* ShapeHandlesView.swift */; };
		AA00010000000000000000FB /* NavigationAnchor.swift in Sources */ = {isa = PBXBuildFile; fileRef = AA00010000000000000000FA /* NavigationAnchor.swift */; };
		AA00010000000000000000FD /* NavigationStore.swift in Sources */ = {isa = PBXBuildFile; fileRef = AA00010000000000000000FC /* NavigationStore.swift */; };
		AA00010000000000000000FF /* BookmarkListView.swift in Sources */ = {isa = PBXBuildFile; fileRef = AA00010000000000000000FE /* BookmarkListView.swift */; };
		AA0001000000000000000101 /* SearchIndex.swift in Sources */ = {isa = PBXBuildFile; fileRef = AA0001000000000000000100 /* SearchIndex.swift */; };
		AA0001000000000000000103 /* UniversalSearchView.swift in Sources */ = {isa = PBXBuildFile; fileRef = AA0001000000000000000102 /* UniversalSearchView.swift */; };
/* End PBXBuildFile section */

/* Begin PBXFileReference section */
		AA0001000000000000000003 /* Y2Notes.app */ = {isa = PBXFileReference; explicitFileType = wrapper.application; includeInIndex = 0; path = Y2Notes.app; sourceTree = BUILT_PRODUCTS_DIR; };
		AA0001000000000000000011 /* Y2NotesApp.swift */ = {isa = PBXFileReference; lastKnownFileType = sourcecode.swift; path = Y2NotesApp.swift; sourceTree = "<group>"; };
		AA0001000000000000000012 /* ContentView.swift */ = {isa = PBXFileReference; lastKnownFileType = sourcecode.swift; path = ContentView.swift; sourceTree = "<group>"; };
		AA0001000000000000000013 /* Note.swift */ = {isa = PBXFileReference; lastKnownFileType = sourcecode.swift; path = Note.swift; sourceTree = "<group>"; };
		AA0001000000000000000022 /* Notebook.swift */ = {isa = PBXFileReference; lastKnownFileType = sourcecode.swift; path = Notebook.swift; sourceTree = "<group>"; };
		AA0001000000000000000014 /* NoteListView.swift */ = {isa = PBXFileReference; lastKnownFileType = sourcecode.swift; path = NoteListView.swift; sourceTree = "<group>"; };
		AA0001000000000000000015 /* NoteEditorView.swift */ = {isa = PBXFileReference; lastKnownFileType = sourcecode.swift; path = NoteEditorView.swift; sourceTree = "<group>"; };
		AA0001000000000000000024 /* ShelfView.swift */ = {isa = PBXFileReference; lastKnownFileType = sourcecode.swift; path = ShelfView.swift; sourceTree = "<group>"; };
		AA0001000000000000000016 /* NoteStore.swift */ = {isa = PBXFileReference; lastKnownFileType = sourcecode.swift; path = NoteStore.swift; sourceTree = "<group>"; };
		AA0001000000000000000017 /* Assets.xcassets */ = {isa = PBXFileReference; lastKnownFileType = folder.assetcatalog; path = Assets.xcassets; sourceTree = "<group>"; };
		AA0001000000000000000018 /* Info.plist */ = {isa = PBXFileReference; lastKnownFileType = text.plist.xml; path = Info.plist; sourceTree = "<group>"; };
		AA0001000000000000000030 /* AppTheme.swift */ = {isa = PBXFileReference; lastKnownFileType = sourcecode.swift; path = AppTheme.swift; sourceTree = "<group>"; };
		AA0001000000000000000031 /* ThemeStore.swift */ = {isa = PBXFileReference; lastKnownFileType = sourcecode.swift; path = ThemeStore.swift; sourceTree = "<group>"; };
		AA0001000000000000000032 /* ThemePickerView.swift */ = {isa = PBXFileReference; lastKnownFileType = sourcecode.swift; path = ThemePickerView.swift; sourceTree = "<group>"; };
		AA0001000000000000000050 /* NotebookSection.swift */ = {isa = PBXFileReference; lastKnownFileType = sourcecode.swift; path = NotebookSection.swift; sourceTree = "<group>"; };
		AA0001000000000000000051 /* PageTemplate.swift */ = {isa = PBXFileReference; lastKnownFileType = sourcecode.swift; path = PageTemplate.swift; sourceTree = "<group>"; };
		AA0001000000000000000070 /* NotebookConfig.swift */ = {isa = PBXFileReference; lastKnownFileType = sourcecode.swift; path = NotebookConfig.swift; sourceTree = "<group>"; };
		AA00010000000000000000DA /* NotebookQuickCreator.swift */ = {isa = PBXFileReference; lastKnownFileType = sourcecode.swift; path = NotebookQuickCreator.swift; sourceTree = "<group>"; };
		AA00010000000000000000D9 /* NotebookReaderView.swift */ = {isa = PBXFileReference; lastKnownFileType = sourcecode.swift; path = NotebookReaderView.swift; sourceTree = "<group>"; };
		AA0001000000000000000080 /* ToolModels.swift */ = {isa = PBXFileReference; lastKnownFileType = sourcecode.swift; path = ToolModels.swift; sourceTree = "<group>"; };
		AA0001000000000000000081 /* DrawingToolStore.swift */ = {isa = PBXFileReference; lastKnownFileType = sourcecode.swift; path = DrawingToolStore.swift; sourceTree = "<group>"; };
		AA00010000000000000000E8 /* WritingConfig.swift */ = {isa = PBXFileReference; lastKnownFileType = sourcecode.swift; path = WritingConfig.swift; sourceTree = "<group>"; };
		AA0001000000000000000082 /* DrawingToolbarView.swift */ = {isa = PBXFileReference; lastKnownFileType = sourcecode.swift; path = DrawingToolbarView.swift; sourceTree = "<group>"; };
		AA00010000000000000000DC /* FloatingToolbarCapsule.swift */ = {isa = PBXFileReference; lastKnownFileType = sourcecode.swift; path = FloatingToolbarCapsule.swift; sourceTree = "<group>"; };
		AA00010000000000000000DE /* ToolExpansionView.swift */ = {isa = PBXFileReference; lastKnownFileType = sourcecode.swift; path = ToolExpansionView.swift; sourceTree = "<group>"; };
		AA00010000000000000000E0 /* SelectionToolbar.swift */ = {isa = PBXFileReference; lastKnownFileType = sourcecode.swift; path = SelectionToolbar.swift; sourceTree = "<group>"; };
		AA00010000000000000000E2 /* NotebookTabSession.swift */ = {isa = PBXFileReference; lastKnownFileType = sourcecode.swift; path = NotebookTabSession.swift; sourceTree = "<group>"; };
		AA00010000000000000000E4 /* NotebookTabBar.swift */ = {isa = PBXFileReference; lastKnownFileType = sourcecode.swift; path = NotebookTabBar.swift; sourceTree = "<group>"; };
		AA00010000000000000000E6 /* NotebookWorkspaceView.swift */ = {isa = PBXFileReference; lastKnownFileType = sourcecode.swift; path = NotebookWorkspaceView.swift; sourceTree = "<group>"; };
		AA0001000000000000000087 /* PageRulingView.swift */ = {isa = PBXFileReference; lastKnownFileType = sourcecode.swift; path = PageRulingView.swift; sourceTree = "<group>"; };
		AA0001000000000000000053 /* PencilInteractionCoordinator.swift */ = {isa = PBXFileReference; lastKnownFileType = sourcecode.swift; path = PencilInteractionCoordinator.swift; sourceTree = "<group>"; };
		AA0001000000000000000054 /* PencilHoverOverlayView.swift */ = {isa = PBXFileReference; lastKnownFileType = sourcecode.swift; path = PencilHoverOverlayView.swift; sourceTree = "<group>"; };
		AA0001000000000000000055 /* ContextualPencilPaletteView.swift */ = {isa = PBXFileReference; lastKnownFileType = sourcecode.swift; path = ContextualPencilPaletteView.swift; sourceTree = "<group>"; };
		AA00010000000000000000A4 /* AdvancedToolsPanel.swift */ = {isa = PBXFileReference; lastKnownFileType = sourcecode.swift; path = AdvancedToolsPanel.swift; sourceTree = "<group>"; };
		AA00010000000000000000A6 /* CustomToolAuthoringView.swift */ = {isa = PBXFileReference; lastKnownFileType = sourcecode.swift; path = CustomToolAuthoringView.swift; sourceTree = "<group>"; };
		AA0001000000000000000088 /* SearchService.swift */ = {isa = PBXFileReference; lastKnownFileType = sourcecode.swift; path = SearchService.swift; sourceTree = "<group>"; };
		AA0001000000000000000089 /* StudySet.swift */ = {isa = PBXFileReference; lastKnownFileType = sourcecode.swift; path = StudySet.swift; sourceTree = "<group>"; };
		AA000100000000000000008A /* LibrarySearchView.swift */ = {isa = PBXFileReference; lastKnownFileType = sourcecode.swift; path = LibrarySearchView.swift; sourceTree = "<group>"; };
		AA000100000000000000008B /* StudySetListView.swift */ = {isa = PBXFileReference; lastKnownFileType = sourcecode.swift; path = StudySetListView.swift; sourceTree = "<group>"; };
		AA000100000000000000008C /* StudySessionView.swift */ = {isa = PBXFileReference; lastKnownFileType = sourcecode.swift; path = StudySessionView.swift; sourceTree = "<group>"; };
		AA0001000000000000000090 /* PDFNoteModel.swift */ = {isa = PBXFileReference; lastKnownFileType = sourcecode.swift; path = PDFNoteModel.swift; sourceTree = "<group>"; };
		AA0001000000000000000091 /* PDFStore.swift */ = {isa = PBXFileReference; lastKnownFileType = sourcecode.swift; path = PDFStore.swift; sourceTree = "<group>"; };
		AA0001000000000000000092 /* PDFPageAnnotationView.swift */ = {isa = PBXFileReference; lastKnownFileType = sourcecode.swift; path = PDFPageAnnotationView.swift; sourceTree = "<group>"; };
		AA0001000000000000000093 /* PDFViewerView.swift */ = {isa = PBXFileReference; lastKnownFileType = sourcecode.swift; path = PDFViewerView.swift; sourceTree = "<group>"; };
		AA0001000000000000000098 /* InkModels.swift */ = {isa = PBXFileReference; lastKnownFileType = sourcecode.swift; path = InkModels.swift; sourceTree = "<group>"; };
		AA0001000000000000000099 /* InkEffectEngine.swift */ = {isa = PBXFileReference; lastKnownFileType = sourcecode.swift; path = InkEffectEngine.swift; sourceTree = "<group>"; };
		AA000100000000000000009A /* InkFamilyRegistry.swift */ = {isa = PBXFileReference; lastKnownFileType = sourcecode.swift; path = InkFamilyRegistry.swift; sourceTree = "<group>"; };
		AA000100000000000000009B /* InkEffectStore.swift */ = {isa = PBXFileReference; lastKnownFileType = sourcecode.swift; path = InkEffectStore.swift; sourceTree = "<group>"; };
		AA000100000000000000009C /* InkEffectPickerView.swift */ = {isa = PBXFileReference; lastKnownFileType = sourcecode.swift; path = InkEffectPickerView.swift; sourceTree = "<group>"; };
		AA00010000000000000000A7 /* AppSettingsStore.swift */ = {isa = PBXFileReference; lastKnownFileType = sourcecode.swift; path = AppSettingsStore.swift; sourceTree = "<group>"; };
		AA00010000000000000000A9 /* SettingsView.swift */ = {isa = PBXFileReference; lastKnownFileType = sourcecode.swift; path = SettingsView.swift; sourceTree = "<group>"; };
		AA00010000000000000000AB /* DiagnosticsView.swift */ = {isa = PBXFileReference; lastKnownFileType = sourcecode.swift; path = DiagnosticsView.swift; sourceTree = "<group>"; };
		AA00010000000000000000AD /* OnboardingView.swift */ = {isa = PBXFileReference; lastKnownFileType = sourcecode.swift; path = OnboardingView.swift; sourceTree = "<group>"; };
		AA00010000000000000000AF /* AccessibilityHelpers.swift */ = {isa = PBXFileReference; lastKnownFileType = sourcecode.swift; path = AccessibilityHelpers.swift; sourceTree = "<group>"; };
		AA00010000000000000000B1 /* Localizable.strings */ = {isa = PBXFileReference; lastKnownFileType = text.plist.strings; name = en; path = en.lproj/Localizable.strings; sourceTree = "<group>"; };
		AA00010000000000000000B6 /* GoogleDriveModels.swift */ = {isa = PBXFileReference; lastKnownFileType = sourcecode.swift; path = GoogleDriveModels.swift; sourceTree = "<group>"; };
		AA00010000000000000000B7 /* GoogleDriveAuthManager.swift */ = {isa = PBXFileReference; lastKnownFileType = sourcecode.swift; path = GoogleDriveAuthManager.swift; sourceTree = "<group>"; };
		AA00010000000000000000B8 /* GoogleDriveClient.swift */ = {isa = PBXFileReference; lastKnownFileType = sourcecode.swift; path = GoogleDriveClient.swift; sourceTree = "<group>"; };
		AA00010000000000000000B9 /* GoogleDriveSyncEngine.swift */ = {isa = PBXFileReference; lastKnownFileType = sourcecode.swift; path = GoogleDriveSyncEngine.swift; sourceTree = "<group>"; };
		AA00010000000000000000BA /* GoogleDriveOfflineQueue.swift */ = {isa = PBXFileReference; lastKnownFileType = sourcecode.swift; path = GoogleDriveOfflineQueue.swift; sourceTree = "<group>"; };
		AA00010000000000000000BB /* GoogleDriveSyncStatusView.swift */ = {isa = PBXFileReference; lastKnownFileType = sourcecode.swift; path = GoogleDriveSyncStatusView.swift; sourceTree = "<group>"; };
		AA00010000000000000000C7 /* NoteCreationSheet.swift */ = {isa = PBXFileReference; lastKnownFileType = sourcecode.swift; path = NoteCreationSheet.swift; sourceTree = "<group>"; };
		AA00010000000000000000C9 /* StudyStatsView.swift */ = {isa = PBXFileReference; lastKnownFileType = sourcecode.swift; path = StudyStatsView.swift; sourceTree = "<group>"; };
		AA00010000000000000000CB /* ImportedDocument.swift */ = {isa = PBXFileReference; lastKnownFileType = sourcecode.swift; path = ImportedDocument.swift; sourceTree = "<group>"; };
		AA00010000000000000000CC /* DocumentStore.swift */ = {isa = PBXFileReference; lastKnownFileType = sourcecode.swift; path = DocumentStore.swift; sourceTree = "<group>"; };
		AA00010000000000000000CD /* DocumentViewerView.swift */ = {isa = PBXFileReference; lastKnownFileType = sourcecode.swift; path = DocumentViewerView.swift; sourceTree = "<group>"; };
		AA00010000000000000000D2 /* OCREngine.swift */ = {isa = PBXFileReference; lastKnownFileType = sourcecode.swift; path = OCREngine.swift; sourceTree = "<group>"; };
		AA00010000000000000000D4 /* NoteExporter.swift */ = {isa = PBXFileReference; lastKnownFileType = sourcecode.swift; path = NoteExporter.swift; sourceTree = "<group>"; };
		AA00010000000000000000D6 /* NotePDFGenerator.swift */ = {isa = PBXFileReference; lastKnownFileType = sourcecode.swift; path = NotePDFGenerator.swift; sourceTree = "<group>"; };
		AA00010000000000000000EA /* Sticker.swift */ = {isa = PBXFileReference; lastKnownFileType = sourcecode.swift; path = Sticker.swift; sourceTree = "<group>"; };
		AA00010000000000000000EC /* StickerStore.swift */ = {isa = PBXFileReference; lastKnownFileType = sourcecode.swift; path = StickerStore.swift; sourceTree = "<group>"; };
		AA00010000000000000000EE /* StickerLibraryView.swift */ = {isa = PBXFileReference; lastKnownFileType = sourcecode.swift; path = StickerLibraryView.swift; sourceTree = "<group>"; };
		AA00010000000000000000F0 /* StickerCanvasView.swift */ = {isa = PBXFileReference; lastKnownFileType = sourcecode.swift; path = StickerCanvasView.swift; sourceTree = "<group>"; };
		AA00010000000000000000F2 /* StickerHandlesView.swift */ = {isa = PBXFileReference; lastKnownFileType = sourcecode.swift; path = StickerHandlesView.swift; sourceTree = "<group>"; };
		AA00010000000000000000F4 /* ShapeObject.swift */ = {isa = PBXFileReference; lastKnownFileType = sourcecode.swift; path = ShapeObject.swift; sourceTree = "<group>"; };
		AA00010000000000000000F6 /* ShapeCanvasView.swift */ = {isa = PBXFileReference; lastKnownFileType = sourcecode.swift; path = ShapeCanvasView.swift; sourceTree = "<group>"; };
		AA00010000000000000000F8 /* ShapeHandlesView.swift */ = {isa = PBXFileReference; lastKnownFileType = sourcecode.swift; path = ShapeHandlesView.swift; sourceTree = "<group>"; };
		AA00010000000000000000FA /* NavigationAnchor.swift */ = {isa = PBXFileReference; lastKnownFileType = sourcecode.swift; path = NavigationAnchor.swift; sourceTree = "<group>"; };
		AA00010000000000000000FC /* NavigationStore.swift */ = {isa = PBXFileReference; lastKnownFileType = sourcecode.swift; path = NavigationStore.swift; sourceTree = "<group>"; };
		AA00010000000000000000FE /* BookmarkListView.swift */ = {isa = PBXFileReference; lastKnownFileType = sourcecode.swift; path = BookmarkListView.swift; sourceTree = "<group>"; };
		AA0001000000000000000100 /* SearchIndex.swift */ = {isa = PBXFileReference; lastKnownFileType = sourcecode.swift; path = SearchIndex.swift; sourceTree = "<group>"; };
		AA0001000000000000000102 /* UniversalSearchView.swift */ = {isa = PBXFileReference; lastKnownFileType = sourcecode.swift; path = UniversalSearchView.swift; sourceTree = "<group>"; };
/* End PBXFileReference section */

/* Begin PBXFrameworksBuildPhase section */
		AA0001000000000000000005 /* Frameworks */ = {
			isa = PBXFrameworksBuildPhase;
			buildActionMask = 2147483647;
			files = (
			);
			runOnlyForDeploymentPostprocessing = 0;
		};
/* End PBXFrameworksBuildPhase section */

/* Begin PBXGroup section */
		AA000100000000000000000B /* MainGroup */ = {
			isa = PBXGroup;
			children = (
				AA000100000000000000000D /* Y2Notes */,
				AA000100000000000000000C /* Products */,
			);
			sourceTree = "<group>";
		};
		AA000100000000000000000C /* Products */ = {
			isa = PBXGroup;
			children = (
				AA0001000000000000000003 /* Y2Notes.app */,
			);
			name = Products;
			sourceTree = "<group>";
		};
		AA000100000000000000000D /* Y2Notes */ = {
			isa = PBXGroup;
			children = (
				AA0001000000000000000011 /* Y2NotesApp.swift */,
				AA0001000000000000000012 /* ContentView.swift */,
				AA000100000000000000000E /* Models */,
				AA000100000000000000000F /* Views */,
				AA0001000000000000000010 /* Persistence */,
				AA0001000000000000000033 /* Theme */,
				AA0001000000000000000056 /* PencilKit */,
				AA0001000000000000000086 /* Tools */,
				AA00010000000000000000C6 /* Search */,
				AA000100000000000000008F /* PDF */,
				AA000100000000000000009D /* Ink */,
				AA00010000000000000000D1 /* Documents */,
				AA00010000000000000000B3 /* Settings */,
				AA00010000000000000000B4 /* Accessibility */,
				AA00010000000000000000B5 /* GoogleDrive */,
				AA0001000000000000000017 /* Assets.xcassets */,
				AA0001000000000000000018 /* Info.plist */,
				AA00010000000000000000B1 /* Localizable.strings */,
			);
			path = Y2Notes;
			sourceTree = "<group>";
		};
		AA000100000000000000000E /* Models */ = {
			isa = PBXGroup;
			children = (
				AA0001000000000000000013 /* Note.swift */,
				AA0001000000000000000022 /* Notebook.swift */,
				AA0001000000000000000050 /* NotebookSection.swift */,
				AA0001000000000000000051 /* PageTemplate.swift */,
				AA0001000000000000000070 /* NotebookConfig.swift */,
				AA0001000000000000000089 /* StudySet.swift */,
				AA00010000000000000000E2 /* NotebookTabSession.swift */,
				AA00010000000000000000EA /* Sticker.swift */,
				AA00010000000000000000F4 /* ShapeObject.swift */,
				AA00010000000000000000FA /* NavigationAnchor.swift */,
			);
			path = Models;
			sourceTree = "<group>";
		};
		AA000100000000000000000F /* Views */ = {
			isa = PBXGroup;
			children = (
				AA0001000000000000000014 /* NoteListView.swift */,
				AA0001000000000000000015 /* NoteEditorView.swift */,
				AA0001000000000000000024 /* ShelfView.swift */,
				AA0001000000000000000032 /* ThemePickerView.swift */,
				AA0001000000000000000082 /* DrawingToolbarView.swift */,
				AA00010000000000000000DC /* FloatingToolbarCapsule.swift */,
				AA00010000000000000000DE /* ToolExpansionView.swift */,
				AA00010000000000000000DA /* NotebookQuickCreator.swift */,
				AA00010000000000000000D9 /* NotebookReaderView.swift */,
				AA000100000000000000008A /* LibrarySearchView.swift */,
				AA0001000000000000000102 /* UniversalSearchView.swift */,
				AA000100000000000000008B /* StudySetListView.swift */,
				AA000100000000000000008C /* StudySessionView.swift */,
				AA0001000000000000000087 /* PageRulingView.swift */,
				AA000100000000000000009C /* InkEffectPickerView.swift */,
				AA00010000000000000000A4 /* AdvancedToolsPanel.swift */,
				AA00010000000000000000A6 /* CustomToolAuthoringView.swift */,
				AA00010000000000000000AD /* OnboardingView.swift */,
				AA00010000000000000000C7 /* NoteCreationSheet.swift */,
				AA00010000000000000000C9 /* StudyStatsView.swift */,
				AA00010000000000000000CD /* DocumentViewerView.swift */,
				AA00010000000000000000E0 /* SelectionToolbar.swift */,
				AA00010000000000000000E4 /* NotebookTabBar.swift */,
				AA00010000000000000000E6 /* NotebookWorkspaceView.swift */,
				AA00010000000000000000EE /* StickerLibraryView.swift */,
				AA00010000000000000000F0 /* StickerCanvasView.swift */,
				AA00010000000000000000F2 /* StickerHandlesView.swift */,
				AA00010000000000000000F6 /* ShapeCanvasView.swift */,
				AA00010000000000000000F8 /* ShapeHandlesView.swift */,
				AA00010000000000000000FE /* BookmarkListView.swift */,
			);
			path = Views;
			sourceTree = "<group>";
		};
		AA0001000000000000000010 /* Persistence */ = {
			isa = PBXGroup;
			children = (
				AA0001000000000000000016 /* NoteStore.swift */,
				AA00010000000000000000EC /* StickerStore.swift */,
				AA00010000000000000000FC /* NavigationStore.swift */,
			);
			path = Persistence;
			sourceTree = "<group>";
		};
		AA0001000000000000000033 /* Theme */ = {
			isa = PBXGroup;
			children = (
				AA0001000000000000000030 /* AppTheme.swift */,
				AA0001000000000000000031 /* ThemeStore.swift */,
			);
			path = Theme;
			sourceTree = "<group>";
		};
		AA0001000000000000000056 /* PencilKit */ = {
			isa = PBXGroup;
			children = (
				AA0001000000000000000053 /* PencilInteractionCoordinator.swift */,
				AA0001000000000000000054 /* PencilHoverOverlayView.swift */,
				AA0001000000000000000055 /* ContextualPencilPaletteView.swift */,
			);
			path = PencilKit;
			sourceTree = "<group>";
		};
		AA0001000000000000000086 /* Tools */ = {
			isa = PBXGroup;
			children = (
				AA0001000000000000000080 /* ToolModels.swift */,
				AA0001000000000000000081 /* DrawingToolStore.swift */,
				AA00010000000000000000E8 /* WritingConfig.swift */,
			);
			path = Tools;
			sourceTree = "<group>";
		};
		AA00010000000000000000C6 /* Search */ = {
			isa = PBXGroup;
			children = (
				AA0001000000000000000088 /* SearchService.swift */,
				AA00010000000000000000D2 /* OCREngine.swift */,
				AA0001000000000000000100 /* SearchIndex.swift */,
			);
			path = Search;
			sourceTree = "<group>";
		};
		AA000100000000000000008F /* PDF */ = {
			isa = PBXGroup;
			children = (
				AA0001000000000000000090 /* PDFNoteModel.swift */,
				AA0001000000000000000091 /* PDFStore.swift */,
				AA0001000000000000000092 /* PDFPageAnnotationView.swift */,
				AA0001000000000000000093 /* PDFViewerView.swift */,
				AA00010000000000000000D4 /* NoteExporter.swift */,
				AA00010000000000000000D6 /* NotePDFGenerator.swift */,
			);
			path = PDF;
			sourceTree = "<group>";
		};
		AA000100000000000000009D /* Ink */ = {
			isa = PBXGroup;
			children = (
				AA0001000000000000000098 /* InkModels.swift */,
				AA0001000000000000000099 /* InkEffectEngine.swift */,
				AA000100000000000000009A /* InkFamilyRegistry.swift */,
				AA000100000000000000009B /* InkEffectStore.swift */,
			);
			path = Ink;
			sourceTree = "<group>";
		};
		AA00010000000000000000D1 /* Documents */ = {
			isa = PBXGroup;
			children = (
				AA00010000000000000000CB /* ImportedDocument.swift */,
				AA00010000000000000000CC /* DocumentStore.swift */,
			);
			path = Documents;
			sourceTree = "<group>";
		};
		AA00010000000000000000B3 /* Settings */ = {
			isa = PBXGroup;
			children = (
				AA00010000000000000000A7 /* AppSettingsStore.swift */,
				AA00010000000000000000A9 /* SettingsView.swift */,
				AA00010000000000000000AB /* DiagnosticsView.swift */,
			);
			path = Settings;
			sourceTree = "<group>";
		};
		AA00010000000000000000B4 /* Accessibility */ = {
			isa = PBXGroup;
			children = (
				AA00010000000000000000AF /* AccessibilityHelpers.swift */,
			);
			path = Accessibility;
			sourceTree = "<group>";
		};
		AA00010000000000000000B5 /* GoogleDrive */ = {
			isa = PBXGroup;
			children = (
				AA00010000000000000000B6 /* GoogleDriveModels.swift */,
				AA00010000000000000000B7 /* GoogleDriveAuthManager.swift */,
				AA00010000000000000000B8 /* GoogleDriveClient.swift */,
				AA00010000000000000000B9 /* GoogleDriveSyncEngine.swift */,
				AA00010000000000000000BA /* GoogleDriveOfflineQueue.swift */,
				AA00010000000000000000BB /* GoogleDriveSyncStatusView.swift */,
			);
			path = GoogleDrive;
			sourceTree = "<group>";
		};
/* End PBXGroup section */

/* Begin PBXNativeTarget section */
		AA0001000000000000000002 /* Y2Notes */ = {
			isa = PBXNativeTarget;
			buildConfigurationList = AA000100000000000000000A /* Build configuration list for PBXNativeTarget "Y2Notes" */;
			buildPhases = (
				AA0001000000000000000004 /* Sources */,
				AA0001000000000000000005 /* Frameworks */,
				AA0001000000000000000006 /* Resources */,
			);
			buildRules = (
			);
			dependencies = (
			);
			name = Y2Notes;
			productName = Y2Notes;
			productReference = AA0001000000000000000003 /* Y2Notes.app */;
			productType = "com.apple.product-type.application";
		};
/* End PBXNativeTarget section */

/* Begin PBXProject section */
		AA0001000000000000000001 /* Project object */ = {
			isa = PBXProject;
			attributes = {
				BuildIndependentTargetsInParallel = 1;
				LastSwiftUpdateCheck = 1500;
				LastUpgradeCheck = 1500;
				TargetAttributes = {
					AA0001000000000000000002 = {
						CreatedOnToolsVersion = 15.0;
						DevelopmentTeam = "";
						ProvisioningStyle = Manual;
					};
				};
			};
			buildConfigurationList = AA0001000000000000000009 /* Build configuration list for PBXProject "Y2Notes" */;
			compatibilityVersion = "Xcode 14.0";
			developmentRegion = en;
			hasScannedForEncodings = 0;
			knownRegions = (
				en,
				Base,
			);
			mainGroup = AA000100000000000000000B;
			productRefGroup = AA000100000000000000000C /* Products */;
			projectDirPath = "";
			projectRoot = "";
			targets = (
				AA0001000000000000000002 /* Y2Notes */,
			);
		};
/* End PBXProject section */

/* Begin PBXResourcesBuildPhase section */
		AA0001000000000000000006 /* Resources */ = {
			isa = PBXResourcesBuildPhase;
			buildActionMask = 2147483647;
			files = (
				AA000100000000000000001F /* Assets.xcassets in Resources */,
				AA00010000000000000000B2 /* Localizable.strings in Resources */,
			);
			runOnlyForDeploymentPostprocessing = 0;
		};
/* End PBXResourcesBuildPhase section */

/* Begin PBXSourcesBuildPhase section */
		AA0001000000000000000004 /* Sources */ = {
			isa = PBXSourcesBuildPhase;
			buildActionMask = 2147483647;
			files = (
				AA0001000000000000000019 /* Y2NotesApp.swift in Sources */,
				AA000100000000000000001A /* ContentView.swift in Sources */,
				AA000100000000000000001B /* Note.swift in Sources */,
				AA000100000000000000001C /* NoteListView.swift in Sources */,
				AA000100000000000000001D /* NoteEditorView.swift in Sources */,
				AA000100000000000000001E /* NoteStore.swift in Sources */,
				AA0001000000000000000023 /* Notebook.swift in Sources */,
				AA0001000000000000000025 /* ShelfView.swift in Sources */,
				AA0001000000000000000040 /* AppTheme.swift in Sources */,
				AA0001000000000000000041 /* ThemeStore.swift in Sources */,
				AA0001000000000000000042 /* ThemePickerView.swift in Sources */,
				AA0001000000000000000060 /* NotebookSection.swift in Sources */,
				AA0001000000000000000061 /* PageTemplate.swift in Sources */,
				AA0001000000000000000052 /* NotebookConfig.swift in Sources */,
				AA00010000000000000000DB /* NotebookQuickCreator.swift in Sources */,
				AA00010000000000000000D8 /* NotebookReaderView.swift in Sources */,
				AA0001000000000000000083 /* ToolModels.swift in Sources */,
				AA0001000000000000000084 /* DrawingToolStore.swift in Sources */,
				AA0001000000000000000085 /* DrawingToolbarView.swift in Sources */,
				AA00010000000000000000DD /* FloatingToolbarCapsule.swift in Sources */,
				AA00010000000000000000DF /* ToolExpansionView.swift in Sources */,
				AA00010000000000000000E1 /* SelectionToolbar.swift in Sources */,
				AA00010000000000000000E3 /* NotebookTabSession.swift in Sources */,
				AA00010000000000000000E5 /* NotebookTabBar.swift in Sources */,
				AA00010000000000000000E7 /* NotebookWorkspaceView.swift in Sources */,
				AA00010000000000000000E9 /* WritingConfig.swift in Sources */,
				AA00010000000000000000C2 /* PageRulingView.swift in Sources */,
				AA0001000000000000000058 /* PencilInteractionCoordinator.swift in Sources */,
				AA0001000000000000000059 /* PencilHoverOverlayView.swift in Sources */,
				AA000100000000000000005A /* ContextualPencilPaletteView.swift in Sources */,
				AA000100000000000000008D /* SearchService.swift in Sources */,
				AA000100000000000000008E /* StudySet.swift in Sources */,
				AA00010000000000000000C3 /* LibrarySearchView.swift in Sources */,
				AA00010000000000000000C4 /* StudySetListView.swift in Sources */,
				AA00010000000000000000C5 /* StudySessionView.swift in Sources */,
				AA0001000000000000000094 /* PDFNoteModel.swift in Sources */,
				AA0001000000000000000095 /* PDFStore.swift in Sources */,
				AA0001000000000000000096 /* PDFPageAnnotationView.swift in Sources */,
				AA0001000000000000000097 /* PDFViewerView.swift in Sources */,
				AA000100000000000000009E /* InkModels.swift in Sources */,
				AA000100000000000000009F /* InkEffectEngine.swift in Sources */,
				AA00010000000000000000A0 /* InkFamilyRegistry.swift in Sources */,
				AA00010000000000000000A1 /* InkEffectStore.swift in Sources */,
				AA00010000000000000000A2 /* InkEffectPickerView.swift in Sources */,
				AA00010000000000000000A3 /* AdvancedToolsPanel.swift in Sources */,
				AA00010000000000000000A5 /* CustomToolAuthoringView.swift in Sources */,
				AA00010000000000000000A8 /* AppSettingsStore.swift in Sources */,
				AA00010000000000000000AA /* SettingsView.swift in Sources */,
				AA00010000000000000000AC /* DiagnosticsView.swift in Sources */,
				AA00010000000000000000AE /* OnboardingView.swift in Sources */,
				AA00010000000000000000B0 /* AccessibilityHelpers.swift in Sources */,
				AA00010000000000000000BC /* GoogleDriveModels.swift in Sources */,
				AA00010000000000000000BD /* GoogleDriveAuthManager.swift in Sources */,
				AA00010000000000000000BE /* GoogleDriveClient.swift in Sources */,
				AA00010000000000000000BF /* GoogleDriveSyncEngine.swift in Sources */,
				AA00010000000000000000C0 /* GoogleDriveOfflineQueue.swift in Sources */,
				AA00010000000000000000C1 /* GoogleDriveSyncStatusView.swift in Sources */,
				AA00010000000000000000C8 /* NoteCreationSheet.swift in Sources */,
				AA00010000000000000000CA /* StudyStatsView.swift in Sources */,
				AA00010000000000000000CE /* ImportedDocument.swift in Sources */,
				AA00010000000000000000CF /* DocumentStore.swift in Sources */,
				AA00010000000000000000D0 /* DocumentViewerView.swift in Sources */,
				AA00010000000000000000D3 /* OCREngine.swift in Sources */,
				AA00010000000000000000D5 /* NoteExporter.swift in Sources */,
				AA00010000000000000000D7 /* NotePDFGenerator.swift in Sources */,
				AA00010000000000000000EB /* Sticker.swift in Sources */,
				AA00010000000000000000ED /* StickerStore.swift in Sources */,
				AA00010000000000000000EF /* StickerLibraryView.swift in Sources */,
				AA00010000000000000000F1 /* StickerCanvasView.swift in Sources */,
				AA00010000000000000000F3 /* StickerHandlesView.swift in Sources */,
				AA00010000000000000000F5 /* ShapeObject.swift in Sources */,
				AA00010000000000000000F7 /* ShapeCanvasView.swift in Sources */,
				AA00010000000000000000F9 /* ShapeHandlesView.swift in Sources */,
				AA00010000000000000000FB /* NavigationAnchor.swift in Sources */,
				AA00010000000000000000FD /* NavigationStore.swift in Sources */,
				AA00010000000000000000FF /* BookmarkListView.swift in Sources */,
				AA0001000000000000000101 /* SearchIndex.swift in Sources */,
				AA0001000000000000000103 /* UniversalSearchView.swift in Sources */,
			);
			runOnlyForDeploymentPostprocessing = 0;
		};
/* End PBXSourcesBuildPhase section */

/* Begin XCBuildConfiguration section */
		AA0001000000000000000007 /* Debug */ = {
			isa = XCBuildConfiguration;
			buildSettings = {
				ALWAYS_SEARCH_USER_PATHS = NO;
				ASSETCATALOG_COMPILER_GENERATE_SWIFT_ASSET_SYMBOL_EXTENSIONS = YES;
				CLANG_ANALYZER_NONNULL = YES;
				CLANG_ANALYZER_NUMBER_OBJECT_CONVERSION = YES_AGGRESSIVE;
				CLANG_CXX_LANGUAGE_STANDARD = "gnu++20";
				CLANG_ENABLE_MODULES = YES;
				CLANG_ENABLE_OBJC_ARC = YES;
				CLANG_ENABLE_OBJC_WEAK = YES;
				CLANG_WARN_BLOCK_CAPTURE_AUTORELEASING = YES;
				CLANG_WARN_BOOL_CONVERSION = YES;
				CLANG_WARN_COMMA = YES;
				CLANG_WARN_CONSTANT_CONVERSION = YES;
				CLANG_WARN_DEPRECATED_OBJC_IMPLEMENTATIONS = YES;
				CLANG_WARN_DIRECT_OBJC_ISA_USAGE = YES_ERROR;
				CLANG_WARN_DOCUMENTATION_COMMENTS = YES;
				CLANG_WARN_EMPTY_BODY = YES;
				CLANG_WARN_ENUM_CONVERSION = YES;
				CLANG_WARN_INFINITE_RECURSION = YES;
				CLANG_WARN_INT_CONVERSION = YES;
				CLANG_WARN_NON_LITERAL_NULL_CONVERSION = YES;
				CLANG_WARN_OBJC_IMPLICIT_RETAIN_CYCLE = YES;
				CLANG_WARN_OBJC_LITERAL_CONVERSION = YES;
				CLANG_WARN_OBJC_ROOT_CLASS = YES_ERROR;
				CLANG_WARN_QUOTED_INCLUDE_IN_FRAMEWORK_HEADER = YES;
				CLANG_WARN_RANGE_LOOP_ANALYSIS = YES;
				CLANG_WARN_STRICT_PROTOTYPES = YES;
				CLANG_WARN_SUSPICIOUS_MOVE = YES;
				CLANG_WARN_UNGUARDED_AVAILABILITY = YES_AGGRESSIVE;
				CLANG_WARN_UNREACHABLE_CODE = YES;
				CLANG_WARN__DUPLICATE_METHOD_MATCH = YES;
				COPY_PHASE_STRIP = NO;
				DEBUG_INFORMATION_FORMAT = dwarf;
				ENABLE_STRICT_OBJC_MSGSEND = YES;
				ENABLE_TESTABILITY = YES;
				GCC_C_LANGUAGE_STANDARD = gnu17;
				GCC_DYNAMIC_NO_PIC = NO;
				GCC_NO_COMMON_BLOCKS = YES;
				GCC_OPTIMIZATION_LEVEL = 0;
				GCC_PREPROCESSOR_DEFINITIONS = (
					"DEBUG=1",
					"$(inherited)",
				);
				GCC_WARN_64_TO_32_BIT_CONVERSION = YES;
				GCC_WARN_ABOUT_RETURN_TYPE = YES_ERROR;
				GCC_WARN_UNDECLARED_SELECTOR = YES;
				GCC_WARN_UNINITIALIZED_AUTOS = YES_AGGRESSIVE;
				GCC_WARN_UNUSED_FUNCTION = YES;
				GCC_WARN_UNUSED_VARIABLE = YES;
				IPHONEOS_DEPLOYMENT_TARGET = 17.0;
				MTL_ENABLE_DEBUG_INFO = INCLUDE_SOURCE;
				MTL_FAST_MATH = YES;
				ONLY_ACTIVE_ARCH = YES;
				SDKROOT = iphoneos;
				SWIFT_ACTIVE_COMPILATION_CONDITIONS = DEBUG;
				SWIFT_OPTIMIZATION_LEVEL = "-Onone";
			};
			name = Debug;
		};
		AA0001000000000000000008 /* Release */ = {
			isa = XCBuildConfiguration;
			buildSettings = {
				ALWAYS_SEARCH_USER_PATHS = NO;
				ASSETCATALOG_COMPILER_GENERATE_SWIFT_ASSET_SYMBOL_EXTENSIONS = YES;
				CLANG_ANALYZER_NONNULL = YES;
				CLANG_ANALYZER_NUMBER_OBJECT_CONVERSION = YES_AGGRESSIVE;
				CLANG_CXX_LANGUAGE_STANDARD = "gnu++20";
				CLANG_ENABLE_MODULES = YES;
				CLANG_ENABLE_OBJC_ARC = YES;
				CLANG_ENABLE_OBJC_WEAK = YES;
				CLANG_WARN_BLOCK_CAPTURE_AUTORELEASING = YES;
				CLANG_WARN_BOOL_CONVERSION = YES;
				CLANG_WARN_COMMA = YES;
				CLANG_WARN_CONSTANT_CONVERSION = YES;
				CLANG_WARN_DEPRECATED_OBJC_IMPLEMENTATIONS = YES;
				CLANG_WARN_DIRECT_OBJC_ISA_USAGE = YES_ERROR;
				CLANG_WARN_DOCUMENTATION_COMMENTS = YES;
				CLANG_WARN_EMPTY_BODY = YES;
				CLANG_WARN_ENUM_CONVERSION = YES;
				CLANG_WARN_INFINITE_RECURSION = YES;
				CLANG_WARN_INT_CONVERSION = YES;
				CLANG_WARN_NON_LITERAL_NULL_CONVERSION = YES;
				CLANG_WARN_OBJC_IMPLICIT_RETAIN_CYCLE = YES;
				CLANG_WARN_OBJC_LITERAL_CONVERSION = YES;
				CLANG_WARN_OBJC_ROOT_CLASS = YES_ERROR;
				CLANG_WARN_QUOTED_INCLUDE_IN_FRAMEWORK_HEADER = YES;
				CLANG_WARN_RANGE_LOOP_ANALYSIS = YES;
				CLANG_WARN_STRICT_PROTOTYPES = YES;
				CLANG_WARN_SUSPICIOUS_MOVE = YES;
				CLANG_WARN_UNGUARDED_AVAILABILITY = YES_AGGRESSIVE;
				CLANG_WARN_UNREACHABLE_CODE = YES;
				CLANG_WARN__DUPLICATE_METHOD_MATCH = YES;
				COPY_PHASE_STRIP = NO;
				DEBUG_INFORMATION_FORMAT = "dwarf-with-dsym";
				ENABLE_NS_ASSERTIONS = NO;
				ENABLE_STRICT_OBJC_MSGSEND = YES;
				GCC_C_LANGUAGE_STANDARD = gnu17;
				GCC_NO_COMMON_BLOCKS = YES;
				GCC_WARN_64_TO_32_BIT_CONVERSION = YES;
				GCC_WARN_ABOUT_RETURN_TYPE = YES_ERROR;
				GCC_WARN_UNDECLARED_SELECTOR = YES;
				GCC_WARN_UNINITIALIZED_AUTOS = YES_AGGRESSIVE;
				GCC_WARN_UNUSED_FUNCTION = YES;
				GCC_WARN_UNUSED_VARIABLE = YES;
				IPHONEOS_DEPLOYMENT_TARGET = 17.0;
				MTL_FAST_MATH = YES;
				SDKROOT = iphoneos;
				SWIFT_COMPILATION_MODE = wholemodule;
				SWIFT_OPTIMIZATION_LEVEL = "-O";
				VALIDATE_PRODUCT = YES;
			};
			name = Release;
		};
		AA0001000000000000000020 /* Debug */ = {
			isa = XCBuildConfiguration;
			buildSettings = {
				ASSETCATALOG_COMPILER_APPICON_NAME = AppIcon;
				ASSETCATALOG_COMPILER_GLOBAL_ACCENT_COLOR_NAME = AccentColor;
				CODE_SIGN_STYLE = Manual;
				CURRENT_PROJECT_VERSION = 24;
				DEVELOPMENT_ASSET_PATHS = "";
				DEVELOPMENT_TEAM = "";
				ENABLE_PREVIEWS = YES;
				GENERATE_INFOPLIST_FILE = NO;
				INFOPLIST_FILE = Y2Notes/Info.plist;
				LD_RUNPATH_SEARCH_PATHS = (
					"$(inherited)",
					"@executable_path/Frameworks",
				);
				MARKETING_VERSION = 1.0;
				PRODUCT_BUNDLE_IDENTIFIER = com.y2notes.app;
				PRODUCT_NAME = "$(TARGET_NAME)";
				SUPPORTS_MAC_DESIGNED_FOR_IPHONE_IPAD = NO;
				SWIFT_EMIT_LOC_STRINGS = YES;
				SWIFT_VERSION = 5.0;
				TARGETED_DEVICE_FAMILY = 2;
			};
			name = Debug;
		};
		AA0001000000000000000021 /* Release */ = {
			isa = XCBuildConfiguration;
			buildSettings = {
				ASSETCATALOG_COMPILER_APPICON_NAME = AppIcon;
				ASSETCATALOG_COMPILER_GLOBAL_ACCENT_COLOR_NAME = AccentColor;
				CODE_SIGN_STYLE = Manual;
				CURRENT_PROJECT_VERSION = 24;
				DEVELOPMENT_ASSET_PATHS = "";
				DEVELOPMENT_TEAM = "";
				ENABLE_PREVIEWS = YES;
				GENERATE_INFOPLIST_FILE = NO;
				INFOPLIST_FILE = Y2Notes/Info.plist;
				LD_RUNPATH_SEARCH_PATHS = (
					"$(inherited)",
					"@executable_path/Frameworks",
				);
				MARKETING_VERSION = 1.0;
				PRODUCT_BUNDLE_IDENTIFIER = com.y2notes.app;
				PRODUCT_NAME = "$(TARGET_NAME)";
				SUPPORTS_MAC_DESIGNED_FOR_IPHONE_IPAD = NO;
				SWIFT_EMIT_LOC_STRINGS = YES;
				SWIFT_VERSION = 5.0;
				TARGETED_DEVICE_FAMILY = 2;
			};
			name = Release;
		};
/* End XCBuildConfiguration section */

/* Begin XCConfigurationList section */
		AA0001000000000000000009 /* Build configuration list for PBXProject "Y2Notes" */ = {
			isa = XCConfigurationList;
			buildConfigurations = (
				AA0001000000000000000007 /* Debug */,
				AA0001000000000000000008 /* Release */,
			);
			defaultConfigurationIsVisible = 0;
			defaultConfigurationName = Release;
		};
		AA000100000000000000000A /* Build configuration list for PBXNativeTarget "Y2Notes" */ = {
			isa = XCConfigurationList;
			buildConfigurations = (
				AA0001000000000000000020 /* Debug */,
				AA0001000000000000000021 /* Release */,
			);
			defaultConfigurationIsVisible = 0;
			defaultConfigurationName = Release;
		};
/* End XCConfigurationList section */

	};
	rootObject = AA0001000000000000000001 /* Project object */;
}
